
Microsoft Visual Studio Solution File, Format Version 12.00
# Visual Studio Version 17
VisualStudioVersion = 17.8.34330.188
MinimumVisualStudioVersion = 10.0.40219.1
Project("{FAE04EC0-301F-11D3-BF4B-00C04F79EFBC}") = "M03UF5AC3", "M03UF5AC3\M03UF5AC3.csproj", "{24CA908C-4E46-42B9-A0C0-2080E421C8EE}"
EndProject
Global
	GlobalSection(SolutionConfigurationPlatforms) = preSolution
		Debug|Any CPU = Debug|Any CPU
		Release|Any CPU = Release|Any CPU
	EndGlobalSection
	GlobalSection(ProjectConfigurationPlatforms) = postSolution
		{24CA908C-4E46-42B9-A0C0-2080E421C8EE}.Debug|Any CPU.ActiveCfg = Debug|Any CPU
		{24CA908C-4E46-42B9-A0C0-2080E421C8EE}.Debug|Any CPU.Build.0 = Debug|Any CPU
		{24CA908C-4E46-42B9-A0C0-2080E421C8EE}.Release|Any CPU.ActiveCfg = Release|Any CPU
		{24CA908C-4E46-42B9-A0C0-2080E421C8EE}.Release|Any CPU.Build.0 = Release|Any CPU
	EndGlobalSection
	GlobalSection(SolutionProperties) = preSolution
		HideSolutionNode = FALSE
	EndGlobalSection
	GlobalSection(ExtensibilityGlobals) = postSolution
		SolutionGuid = {3788DF4F-9550-4002-962D-5F2BB3CCC4CC}
	EndGlobalSection
EndGlobal
